// !$*UTF8*$!
{
	archiveVersion = 1;
	classes = {
	};
	objectVersion = 55;
	objects = {

/* Begin PBXBuildFile section */
		794748F027D7E3990083CDFD /* FilemanagerClass.swift in Sources */ = {isa = PBXBuildFile; fileRef = 794748EF27D7E3990083CDFD /* FilemanagerClass.swift */; };
		794748F227D7F00A0083CDFD /* NSCacheClass.swift in Sources */ = {isa = PBXBuildFile; fileRef = 794748F127D7F00A0083CDFD /* NSCacheClass.swift */; };
		794748F427D7F5780083CDFD /* DownloadSaveImageCacheClass.swift in Sources */ = {isa = PBXBuildFile; fileRef = 794748F327D7F5780083CDFD /* DownloadSaveImageCacheClass.swift */; };
		794748FB27D7F6ED0083CDFD /* PhotoModel.swift in Sources */ = {isa = PBXBuildFile; fileRef = 794748FA27D7F6ED0083CDFD /* PhotoModel.swift */; };
		794748FD27D7F7600083CDFD /* DownloadingImagesViewModel.swift in Sources */ = {isa = PBXBuildFile; fileRef = 794748FC27D7F7600083CDFD /* DownloadingImagesViewModel.swift */; };
		794748FF27D7F8100083CDFD /* PhotoModelDataService.swift in Sources */ = {isa = PBXBuildFile; fileRef = 794748FE27D7F8100083CDFD /* PhotoModelDataService.swift */; };
		7947490127D7FB8A0083CDFD /* DownloadingImagesRow.swift in Sources */ = {isa = PBXBuildFile; fileRef = 7947490027D7FB8A0083CDFD /* DownloadingImagesRow.swift */; };
		7947490327D7FBDE0083CDFD /* DownloadingImageView.swift in Sources */ = {isa = PBXBuildFile; fileRef = 7947490227D7FBDE0083CDFD /* DownloadingImageView.swift */; };
		7947490527D7FC480083CDFD /* ImageLoadingViewModel.swift in Sources */ = {isa = PBXBuildFile; fileRef = 7947490427D7FC480083CDFD /* ImageLoadingViewModel.swift */; };
		7947490727D800940083CDFD /* PhotoModelCacheManager.swift in Sources */ = {isa = PBXBuildFile; fileRef = 7947490627D800940083CDFD /* PhotoModelCacheManager.swift */; };
		7947490927D801780083CDFD /* PhotoModelFileManager.swift in Sources */ = {isa = PBXBuildFile; fileRef = 7947490827D801780083CDFD /* PhotoModelFileManager.swift */; };
		79987A4A27D5744D0024F943 /* CordableClass.swift in Sources */ = {isa = PBXBuildFile; fileRef = 79987A4927D5744D0024F943 /* CordableClass.swift */; };
		79987A4C27D5838B0024F943 /* DownloadWithEscapingClass.swift in Sources */ = {isa = PBXBuildFile; fileRef = 79987A4B27D5838B0024F943 /* DownloadWithEscapingClass.swift */; };
		79E94E3E27D4EAD800180D39 /* SwiftThinkingIntermediateApp.swift in Sources */ = {isa = PBXBuildFile; fileRef = 79E94E3D27D4EAD800180D39 /* SwiftThinkingIntermediateApp.swift */; };
		79E94E4027D4EAD800180D39 /* ContentView.swift in Sources */ = {isa = PBXBuildFile; fileRef = 79E94E3F27D4EAD800180D39 /* ContentView.swift */; };
		79E94E4227D4EAD900180D39 /* Assets.xcassets in Resources */ = {isa = PBXBuildFile; fileRef = 79E94E4127D4EAD900180D39 /* Assets.xcassets */; };
		79E94E4527D4EAD900180D39 /* Preview Assets.xcassets in Resources */ = {isa = PBXBuildFile; fileRef = 79E94E4427D4EAD900180D39 /* Preview Assets.xcassets */; };
		79E94E4C27D4EB5900180D39 /* LongpressGestureClass.swift in Sources */ = {isa = PBXBuildFile; fileRef = 79E94E4B27D4EB5900180D39 /* LongpressGestureClass.swift */; };
		79E94E4F27D4EFCF00180D39 /* MagnificationClass.swift in Sources */ = {isa = PBXBuildFile; fileRef = 79E94E4E27D4EFCF00180D39 /* MagnificationClass.swift */; };
		79E94E5127D4F1DD00180D39 /* RotationGestureClass.swift in Sources */ = {isa = PBXBuildFile; fileRef = 79E94E5027D4F1DD00180D39 /* RotationGestureClass.swift */; };
		79E94E5327D4F2AD00180D39 /* DragGestureClass.swift in Sources */ = {isa = PBXBuildFile; fileRef = 79E94E5227D4F2AD00180D39 /* DragGestureClass.swift */; };
		79E94E5527D4F52100180D39 /* DragGestureClass2.swift in Sources */ = {isa = PBXBuildFile; fileRef = 79E94E5427D4F52100180D39 /* DragGestureClass2.swift */; };
		79E94E5727D507B600180D39 /* ScrollViewReaderClass.swift in Sources */ = {isa = PBXBuildFile; fileRef = 79E94E5627D507B600180D39 /* ScrollViewReaderClass.swift */; };
		79E94E5927D50ADF00180D39 /* GeometryReaderClass.swift in Sources */ = {isa = PBXBuildFile; fileRef = 79E94E5827D50ADF00180D39 /* GeometryReaderClass.swift */; };
		79E94E5B27D50E1800180D39 /* MultipleSheetsClass.swift in Sources */ = {isa = PBXBuildFile; fileRef = 79E94E5A27D50E1800180D39 /* MultipleSheetsClass.swift */; };
		79E94E5D27D511F300180D39 /* MaskClass.swift in Sources */ = {isa = PBXBuildFile; fileRef = 79E94E5C27D511F300180D39 /* MaskClass.swift */; };
		79E94E5F27D5153600180D39 /* HashableProtocolClass.swift in Sources */ = {isa = PBXBuildFile; fileRef = 79E94E5E27D5153600180D39 /* HashableProtocolClass.swift */; };
		79E94E6127D5177700180D39 /* SortFilterMapClass.swift in Sources */ = {isa = PBXBuildFile; fileRef = 79E94E6027D5177700180D39 /* SortFilterMapClass.swift */; };
		79EA9CE727D531CE00C75565 /* BackgroundThreadsClass.swift in Sources */ = {isa = PBXBuildFile; fileRef = 79EA9CE627D531CE00C75565 /* BackgroundThreadsClass.swift */; };
		79EA9CE927D5383500C75565 /* WeakselfClass.swift in Sources */ = {isa = PBXBuildFile; fileRef = 79EA9CE827D5383500C75565 /* WeakselfClass.swift */; };
		79EA9CEB27D53CD000C75565 /* typealiasClass.swift in Sources */ = {isa = PBXBuildFile; fileRef = 79EA9CEA27D53CD000C75565 /* typealiasClass.swift */; };
		79EA9CED27D53E5800C75565 /* EscapingClass.swift in Sources */ = {isa = PBXBuildFile; fileRef = 79EA9CEC27D53E5800C75565 /* EscapingClass.swift */; };
		79ECBA5027D68C7E00F77663 /* DownloadDataCombineClass.swift in Sources */ = {isa = PBXBuildFile; fileRef = 79ECBA4F27D68C7E00F77663 /* DownloadDataCombineClass.swift */; };
		79ECBA5227D6945900F77663 /* TimerOnReceiveClass.swift in Sources */ = {isa = PBXBuildFile; fileRef = 79ECBA5127D6945900F77663 /* TimerOnReceiveClass.swift */; };
		79ECBA5427D69A6A00F77663 /* PublisherSubscriberCombineClass.swift in Sources */ = {isa = PBXBuildFile; fileRef = 79ECBA5327D69A6A00F77663 /* PublisherSubscriberCombineClass.swift */; };
/* End PBXBuildFile section */

/* Begin PBXFileReference section */
		794748EF27D7E3990083CDFD /* FilemanagerClass.swift */ = {isa = PBXFileReference; lastKnownFileType = sourcecode.swift; path = FilemanagerClass.swift; sourceTree = "<group>"; };
		794748F127D7F00A0083CDFD /* NSCacheClass.swift */ = {isa = PBXFileReference; lastKnownFileType = sourcecode.swift; path = NSCacheClass.swift; sourceTree = "<group>"; };
		794748F327D7F5780083CDFD /* DownloadSaveImageCacheClass.swift */ = {isa = PBXFileReference; lastKnownFileType = sourcecode.swift; path = DownloadSaveImageCacheClass.swift; sourceTree = "<group>"; };
		794748FA27D7F6ED0083CDFD /* PhotoModel.swift */ = {isa = PBXFileReference; lastKnownFileType = sourcecode.swift; path = PhotoModel.swift; sourceTree = "<group>"; };
		794748FC27D7F7600083CDFD /* DownloadingImagesViewModel.swift */ = {isa = PBXFileReference; lastKnownFileType = sourcecode.swift; path = DownloadingImagesViewModel.swift; sourceTree = "<group>"; };
		794748FE27D7F8100083CDFD /* PhotoModelDataService.swift */ = {isa = PBXFileReference; lastKnownFileType = sourcecode.swift; path = PhotoModelDataService.swift; sourceTree = "<group>"; };
		7947490027D7FB8A0083CDFD /* DownloadingImagesRow.swift */ = {isa = PBXFileReference; lastKnownFileType = sourcecode.swift; path = DownloadingImagesRow.swift; sourceTree = "<group>"; };
		7947490227D7FBDE0083CDFD /* DownloadingImageView.swift */ = {isa = PBXFileReference; lastKnownFileType = sourcecode.swift; path = DownloadingImageView.swift; sourceTree = "<group>"; };
		7947490427D7FC480083CDFD /* ImageLoadingViewModel.swift */ = {isa = PBXFileReference; lastKnownFileType = sourcecode.swift; path = ImageLoadingViewModel.swift; sourceTree = "<group>"; };
		7947490627D800940083CDFD /* PhotoModelCacheManager.swift */ = {isa = PBXFileReference; lastKnownFileType = sourcecode.swift; path = PhotoModelCacheManager.swift; sourceTree = "<group>"; };
		7947490827D801780083CDFD /* PhotoModelFileManager.swift */ = {isa = PBXFileReference; lastKnownFileType = sourcecode.swift; path = PhotoModelFileManager.swift; sourceTree = "<group>"; };
		79987A4927D5744D0024F943 /* CordableClass.swift */ = {isa = PBXFileReference; lastKnownFileType = sourcecode.swift; path = CordableClass.swift; sourceTree = "<group>"; };
		79987A4B27D5838B0024F943 /* DownloadWithEscapingClass.swift */ = {isa = PBXFileReference; lastKnownFileType = sourcecode.swift; path = DownloadWithEscapingClass.swift; sourceTree = "<group>"; };
		79E94E3A27D4EAD800180D39 /* SwiftThinkingIntermediate.app */ = {isa = PBXFileReference; explicitFileType = wrapper.application; includeInIndex = 0; path = SwiftThinkingIntermediate.app; sourceTree = BUILT_PRODUCTS_DIR; };
		79E94E3D27D4EAD800180D39 /* SwiftThinkingIntermediateApp.swift */ = {isa = PBXFileReference; lastKnownFileType = sourcecode.swift; path = SwiftThinkingIntermediateApp.swift; sourceTree = "<group>"; };
		79E94E3F27D4EAD800180D39 /* ContentView.swift */ = {isa = PBXFileReference; lastKnownFileType = sourcecode.swift; path = ContentView.swift; sourceTree = "<group>"; };
		79E94E4127D4EAD900180D39 /* Assets.xcassets */ = {isa = PBXFileReference; lastKnownFileType = folder.assetcatalog; path = Assets.xcassets; sourceTree = "<group>"; };
		79E94E4427D4EAD900180D39 /* Preview Assets.xcassets */ = {isa = PBXFileReference; lastKnownFileType = folder.assetcatalog; path = "Preview Assets.xcassets"; sourceTree = "<group>"; };
		79E94E4B27D4EB5900180D39 /* LongpressGestureClass.swift */ = {isa = PBXFileReference; lastKnownFileType = sourcecode.swift; path = LongpressGestureClass.swift; sourceTree = "<group>"; };
		79E94E4E27D4EFCF00180D39 /* MagnificationClass.swift */ = {isa = PBXFileReference; lastKnownFileType = sourcecode.swift; path = MagnificationClass.swift; sourceTree = "<group>"; };
		79E94E5027D4F1DD00180D39 /* RotationGestureClass.swift */ = {isa = PBXFileReference; lastKnownFileType = sourcecode.swift; path = RotationGestureClass.swift; sourceTree = "<group>"; };
		79E94E5227D4F2AD00180D39 /* DragGestureClass.swift */ = {isa = PBXFileReference; lastKnownFileType = sourcecode.swift; path = DragGestureClass.swift; sourceTree = "<group>"; };
		79E94E5427D4F52100180D39 /* DragGestureClass2.swift */ = {isa = PBXFileReference; lastKnownFileType = sourcecode.swift; path = DragGestureClass2.swift; sourceTree = "<group>"; };
		79E94E5627D507B600180D39 /* ScrollViewReaderClass.swift */ = {isa = PBXFileReference; lastKnownFileType = sourcecode.swift; path = ScrollViewReaderClass.swift; sourceTree = "<group>"; };
		79E94E5827D50ADF00180D39 /* GeometryReaderClass.swift */ = {isa = PBXFileReference; lastKnownFileType = sourcecode.swift; path = GeometryReaderClass.swift; sourceTree = "<group>"; };
		79E94E5A27D50E1800180D39 /* MultipleSheetsClass.swift */ = {isa = PBXFileReference; lastKnownFileType = sourcecode.swift; path = MultipleSheetsClass.swift; sourceTree = "<group>"; };
		79E94E5C27D511F300180D39 /* MaskClass.swift */ = {isa = PBXFileReference; lastKnownFileType = sourcecode.swift; path = MaskClass.swift; sourceTree = "<group>"; };
		79E94E5E27D5153600180D39 /* HashableProtocolClass.swift */ = {isa = PBXFileReference; lastKnownFileType = sourcecode.swift; path = HashableProtocolClass.swift; sourceTree = "<group>"; };
		79E94E6027D5177700180D39 /* SortFilterMapClass.swift */ = {isa = PBXFileReference; lastKnownFileType = sourcecode.swift; path = SortFilterMapClass.swift; sourceTree = "<group>"; };
		79EA9CE627D531CE00C75565 /* BackgroundThreadsClass.swift */ = {isa = PBXFileReference; lastKnownFileType = sourcecode.swift; path = BackgroundThreadsClass.swift; sourceTree = "<group>"; };
		79EA9CE827D5383500C75565 /* WeakselfClass.swift */ = {isa = PBXFileReference; lastKnownFileType = sourcecode.swift; path = WeakselfClass.swift; sourceTree = "<group>"; };
		79EA9CEA27D53CD000C75565 /* typealiasClass.swift */ = {isa = PBXFileReference; lastKnownFileType = sourcecode.swift; path = typealiasClass.swift; sourceTree = "<group>"; };
		79EA9CEC27D53E5800C75565 /* EscapingClass.swift */ = {isa = PBXFileReference; lastKnownFileType = sourcecode.swift; path = EscapingClass.swift; sourceTree = "<group>"; };
		79ECBA4F27D68C7E00F77663 /* DownloadDataCombineClass.swift */ = {isa = PBXFileReference; lastKnownFileType = sourcecode.swift; path = DownloadDataCombineClass.swift; sourceTree = "<group>"; };
		79ECBA5127D6945900F77663 /* TimerOnReceiveClass.swift */ = {isa = PBXFileReference; lastKnownFileType = sourcecode.swift; path = TimerOnReceiveClass.swift; sourceTree = "<group>"; };
		79ECBA5327D69A6A00F77663 /* PublisherSubscriberCombineClass.swift */ = {isa = PBXFileReference; lastKnownFileType = sourcecode.swift; path = PublisherSubscriberCombineClass.swift; sourceTree = "<group>"; };
/* End PBXFileReference section */

/* Begin PBXFrameworksBuildPhase section */
		79E94E3727D4EAD800180D39 /* Frameworks */ = {
			isa = PBXFrameworksBuildPhase;
			buildActionMask = 2147483647;
			files = (
			);
			runOnlyForDeploymentPostprocessing = 0;
		};
/* End PBXFrameworksBuildPhase section */

/* Begin PBXGroup section */
		794748F527D7F5E80083CDFD /* DownloadImages */ = {
			isa = PBXGroup;
			children = (
				794748F927D7F6090083CDFD /* Utillities */,
				794748F827D7F6020083CDFD /* Model */,
				794748F727D7F5FC0083CDFD /* ViewModel */,
				794748F627D7F5F80083CDFD /* View */,
			);
			path = DownloadImages;
			sourceTree = "<group>";
		};
		794748F627D7F5F80083CDFD /* View */ = {
			isa = PBXGroup;
			children = (
				794748F327D7F5780083CDFD /* DownloadSaveImageCacheClass.swift */,
				7947490027D7FB8A0083CDFD /* DownloadingImagesRow.swift */,
				7947490227D7FBDE0083CDFD /* DownloadingImageView.swift */,
			);
			path = View;
			sourceTree = "<group>";
		};
		794748F727D7F5FC0083CDFD /* ViewModel */ = {
			isa = PBXGroup;
			children = (
				794748FC27D7F7600083CDFD /* DownloadingImagesViewModel.swift */,
				7947490427D7FC480083CDFD /* ImageLoadingViewModel.swift */,
			);
			path = ViewModel;
			sourceTree = "<group>";
		};
		794748F827D7F6020083CDFD /* Model */ = {
			isa = PBXGroup;
			children = (
				794748FA27D7F6ED0083CDFD /* PhotoModel.swift */,
			);
			path = Model;
			sourceTree = "<group>";
		};
		794748F927D7F6090083CDFD /* Utillities */ = {
			isa = PBXGroup;
			children = (
				794748FE27D7F8100083CDFD /* PhotoModelDataService.swift */,
				7947490627D800940083CDFD /* PhotoModelCacheManager.swift */,
				7947490827D801780083CDFD /* PhotoModelFileManager.swift */,
			);
			path = Utillities;
			sourceTree = "<group>";
		};
		79E94E3127D4EAD800180D39 = {
			isa = PBXGroup;
			children = (
				79E94E3C27D4EAD800180D39 /* SwiftThinkingIntermediate */,
				79E94E3B27D4EAD800180D39 /* Products */,
			);
			sourceTree = "<group>";
		};
		79E94E3B27D4EAD800180D39 /* Products */ = {
			isa = PBXGroup;
			children = (
				79E94E3A27D4EAD800180D39 /* SwiftThinkingIntermediate.app */,
			);
			name = Products;
			sourceTree = "<group>";
		};
		79E94E3C27D4EAD800180D39 /* SwiftThinkingIntermediate */ = {
			isa = PBXGroup;
			children = (
				79E94E4D27D4EB6200180D39 /* Class */,
				79E94E3D27D4EAD800180D39 /* SwiftThinkingIntermediateApp.swift */,
				79E94E3F27D4EAD800180D39 /* ContentView.swift */,
				79E94E4127D4EAD900180D39 /* Assets.xcassets */,
				79E94E4327D4EAD900180D39 /* Preview Content */,
			);
			path = SwiftThinkingIntermediate;
			sourceTree = "<group>";
		};
		79E94E4327D4EAD900180D39 /* Preview Content */ = {
			isa = PBXGroup;
			children = (
				79E94E4427D4EAD900180D39 /* Preview Assets.xcassets */,
			);
			path = "Preview Content";
			sourceTree = "<group>";
		};
		79E94E4D27D4EB6200180D39 /* Class */ = {
			isa = PBXGroup;
			children = (
				79E94E4B27D4EB5900180D39 /* LongpressGestureClass.swift */,
				79E94E4E27D4EFCF00180D39 /* MagnificationClass.swift */,
				79E94E5027D4F1DD00180D39 /* RotationGestureClass.swift */,
				79E94E5227D4F2AD00180D39 /* DragGestureClass.swift */,
				79E94E5427D4F52100180D39 /* DragGestureClass2.swift */,
				79E94E5627D507B600180D39 /* ScrollViewReaderClass.swift */,
				79E94E5827D50ADF00180D39 /* GeometryReaderClass.swift */,
				79E94E5A27D50E1800180D39 /* MultipleSheetsClass.swift */,
				79E94E5C27D511F300180D39 /* MaskClass.swift */,
				79E94E5E27D5153600180D39 /* HashableProtocolClass.swift */,
				79E94E6027D5177700180D39 /* SortFilterMapClass.swift */,
				79EA9CE627D531CE00C75565 /* BackgroundThreadsClass.swift */,
				79EA9CE827D5383500C75565 /* WeakselfClass.swift */,
				79EA9CEA27D53CD000C75565 /* typealiasClass.swift */,
				79EA9CEC27D53E5800C75565 /* EscapingClass.swift */,
				79987A4927D5744D0024F943 /* CordableClass.swift */,
				79987A4B27D5838B0024F943 /* DownloadWithEscapingClass.swift */,
				79ECBA4F27D68C7E00F77663 /* DownloadDataCombineClass.swift */,
				79ECBA5127D6945900F77663 /* TimerOnReceiveClass.swift */,
				79ECBA5327D69A6A00F77663 /* PublisherSubscriberCombineClass.swift */,
				794748EF27D7E3990083CDFD /* FilemanagerClass.swift */,
				794748F127D7F00A0083CDFD /* NSCacheClass.swift */,
				794748F527D7F5E80083CDFD /* DownloadImages */,
			);
			path = Class;
			sourceTree = "<group>";
		};
/* End PBXGroup section */

/* Begin PBXNativeTarget section */
		79E94E3927D4EAD800180D39 /* SwiftThinkingIntermediate */ = {
			isa = PBXNativeTarget;
			buildConfigurationList = 79E94E4827D4EAD900180D39 /* Build configuration list for PBXNativeTarget "SwiftThinkingIntermediate" */;
			buildPhases = (
				79E94E3627D4EAD800180D39 /* Sources */,
				79E94E3727D4EAD800180D39 /* Frameworks */,
				79E94E3827D4EAD800180D39 /* Resources */,
			);
			buildRules = (
			);
			dependencies = (
			);
			name = SwiftThinkingIntermediate;
			productName = SwiftThinkingIntermediate;
			productReference = 79E94E3A27D4EAD800180D39 /* SwiftThinkingIntermediate.app */;
			productType = "com.apple.product-type.application";
		};
/* End PBXNativeTarget section */

/* Begin PBXProject section */
		79E94E3227D4EAD800180D39 /* Project object */ = {
			isa = PBXProject;
			attributes = {
				BuildIndependentTargetsInParallel = 1;
				LastSwiftUpdateCheck = 1330;
				LastUpgradeCheck = 1330;
				TargetAttributes = {
					79E94E3927D4EAD800180D39 = {
						CreatedOnToolsVersion = 13.3;
					};
				};
			};
			buildConfigurationList = 79E94E3527D4EAD800180D39 /* Build configuration list for PBXProject "SwiftThinkingIntermediate" */;
			compatibilityVersion = "Xcode 13.0";
			developmentRegion = en;
			hasScannedForEncodings = 0;
			knownRegions = (
				en,
				Base,
			);
			mainGroup = 79E94E3127D4EAD800180D39;
			productRefGroup = 79E94E3B27D4EAD800180D39 /* Products */;
			projectDirPath = "";
			projectRoot = "";
			targets = (
				79E94E3927D4EAD800180D39 /* SwiftThinkingIntermediate */,
			);
		};
/* End PBXProject section */

/* Begin PBXResourcesBuildPhase section */
		79E94E3827D4EAD800180D39 /* Resources */ = {
			isa = PBXResourcesBuildPhase;
			buildActionMask = 2147483647;
			files = (
				79E94E4527D4EAD900180D39 /* Preview Assets.xcassets in Resources */,
				79E94E4227D4EAD900180D39 /* Assets.xcassets in Resources */,
			);
			runOnlyForDeploymentPostprocessing = 0;
		};
/* End PBXResourcesBuildPhase section */

/* Begin PBXSourcesBuildPhase section */
		79E94E3627D4EAD800180D39 /* Sources */ = {
			isa = PBXSourcesBuildPhase;
			buildActionMask = 2147483647;
			files = (
				79987A4A27D5744D0024F943 /* CordableClass.swift in Sources */,
				7947490927D801780083CDFD /* PhotoModelFileManager.swift in Sources */,
				7947490727D800940083CDFD /* PhotoModelCacheManager.swift in Sources */,
				794748F427D7F5780083CDFD /* DownloadSaveImageCacheClass.swift in Sources */,
				79E94E5127D4F1DD00180D39 /* RotationGestureClass.swift in Sources */,
				79EA9CEB27D53CD000C75565 /* typealiasClass.swift in Sources */,
				79ECBA5427D69A6A00F77663 /* PublisherSubscriberCombineClass.swift in Sources */,
				79E94E6127D5177700180D39 /* SortFilterMapClass.swift in Sources */,
				79987A4C27D5838B0024F943 /* DownloadWithEscapingClass.swift in Sources */,
				794748FD27D7F7600083CDFD /* DownloadingImagesViewModel.swift in Sources */,
				7947490527D7FC480083CDFD /* ImageLoadingViewModel.swift in Sources */,
				79E94E5D27D511F300180D39 /* MaskClass.swift in Sources */,
				7947490327D7FBDE0083CDFD /* DownloadingImageView.swift in Sources */,
				79E94E5F27D5153600180D39 /* HashableProtocolClass.swift in Sources */,
				79EA9CE727D531CE00C75565 /* BackgroundThreadsClass.swift in Sources */,
				79ECBA5227D6945900F77663 /* TimerOnReceiveClass.swift in Sources */,
				79E94E5927D50ADF00180D39 /* GeometryReaderClass.swift in Sources */,
				79EA9CED27D53E5800C75565 /* EscapingClass.swift in Sources */,
				79E94E5727D507B600180D39 /* ScrollViewReaderClass.swift in Sources */,
				794748F027D7E3990083CDFD /* FilemanagerClass.swift in Sources */,
				79E94E4027D4EAD800180D39 /* ContentView.swift in Sources */,
				79E94E5327D4F2AD00180D39 /* DragGestureClass.swift in Sources */,
				794748F227D7F00A0083CDFD /* NSCacheClass.swift in Sources */,
				79EA9CE927D5383500C75565 /* WeakselfClass.swift in Sources */,
				794748FF27D7F8100083CDFD /* PhotoModelDataService.swift in Sources */,
				79E94E5527D4F52100180D39 /* DragGestureClass2.swift in Sources */,
				7947490127D7FB8A0083CDFD /* DownloadingImagesRow.swift in Sources */,
				79E94E5B27D50E1800180D39 /* MultipleSheetsClass.swift in Sources */,
				79E94E4C27D4EB5900180D39 /* LongpressGestureClass.swift in Sources */,
				79E94E4F27D4EFCF00180D39 /* MagnificationClass.swift in Sources */,
				79ECBA5027D68C7E00F77663 /* DownloadDataCombineClass.swift in Sources */,
				794748FB27D7F6ED0083CDFD /* PhotoModel.swift in Sources */,
				79E94E3E27D4EAD800180D39 /* SwiftThinkingIntermediateApp.swift in Sources */,
			);
			runOnlyForDeploymentPostprocessing = 0;
		};
/* End PBXSourcesBuildPhase section */

/* Begin XCBuildConfiguration section */
		79E94E4627D4EAD900180D39 /* Debug */ = {
			isa = XCBuildConfiguration;
			buildSettings = {
				ALWAYS_SEARCH_USER_PATHS = NO;
				CLANG_ANALYZER_NONNULL = YES;
				CLANG_ANALYZER_NUMBER_OBJECT_CONVERSION = YES_AGGRESSIVE;
				CLANG_CXX_LANGUAGE_STANDARD = "gnu++17";
				CLANG_ENABLE_MODULES = YES;
				CLANG_ENABLE_OBJC_ARC = YES;
				CLANG_ENABLE_OBJC_WEAK = YES;
				CLANG_WARN_BLOCK_CAPTURE_AUTORELEASING = YES;
				CLANG_WARN_BOOL_CONVERSION = YES;
				CLANG_WARN_COMMA = YES;
				CLANG_WARN_CONSTANT_CONVERSION = YES;
				CLANG_WARN_DEPRECATED_OBJC_IMPLEMENTATIONS = YES;
				CLANG_WARN_DIRECT_OBJC_ISA_USAGE = YES_ERROR;
				CLANG_WARN_DOCUMENTATION_COMMENTS = YES;
				CLANG_WARN_EMPTY_BODY = YES;
				CLANG_WARN_ENUM_CONVERSION = YES;
				CLANG_WARN_INFINITE_RECURSION = YES;
				CLANG_WARN_INT_CONVERSION = YES;
				CLANG_WARN_NON_LITERAL_NULL_CONVERSION = YES;
				CLANG_WARN_OBJC_IMPLICIT_RETAIN_SELF = YES;
				CLANG_WARN_OBJC_LITERAL_CONVERSION = YES;
				CLANG_WARN_OBJC_ROOT_CLASS = YES_ERROR;
				CLANG_WARN_QUOTED_INCLUDE_IN_FRAMEWORK_HEADER = YES;
				CLANG_WARN_RANGE_LOOP_ANALYSIS = YES;
				CLANG_WARN_STRICT_PROTOTYPES = YES;
				CLANG_WARN_SUSPICIOUS_MOVE = YES;
				CLANG_WARN_UNGUARDED_AVAILABILITY = YES_AGGRESSIVE;
				CLANG_WARN_UNREACHABLE_CODE = YES;
				CLANG_WARN__DUPLICATE_METHOD_MATCH = YES;
				COPY_PHASE_STRIP = NO;
				DEBUG_INFORMATION_FORMAT = dwarf;
				ENABLE_STRICT_OBJC_MSGSEND = YES;
				ENABLE_TESTABILITY = YES;
				GCC_C_LANGUAGE_STANDARD = gnu11;
				GCC_DYNAMIC_NO_PIC = NO;
				GCC_NO_COMMON_BLOCKS = YES;
				GCC_OPTIMIZATION_LEVEL = 0;
				GCC_PREPROCESSOR_DEFINITIONS = (
					"DEBUG=1",
					"$(inherited)",
				);
				GCC_WARN_64_TO_32_BIT_CONVERSION = YES;
				GCC_WARN_ABOUT_RETURN_TYPE = YES_ERROR;
				GCC_WARN_UNDECLARED_SELECTOR = YES;
				GCC_WARN_UNINITIALIZED_AUTOS = YES_AGGRESSIVE;
				GCC_WARN_UNUSED_FUNCTION = YES;
				GCC_WARN_UNUSED_VARIABLE = YES;
				IPHONEOS_DEPLOYMENT_TARGET = 15.4;
				MTL_ENABLE_DEBUG_INFO = INCLUDE_SOURCE;
				MTL_FAST_MATH = YES;
				ONLY_ACTIVE_ARCH = YES;
				SDKROOT = iphoneos;
				SWIFT_ACTIVE_COMPILATION_CONDITIONS = DEBUG;
				SWIFT_OPTIMIZATION_LEVEL = "-Onone";
			};
			name = Debug;
		};
		79E94E4727D4EAD900180D39 /* Release */ = {
			isa = XCBuildConfiguration;
			buildSettings = {
				ALWAYS_SEARCH_USER_PATHS = NO;
				CLANG_ANALYZER_NONNULL = YES;
				CLANG_ANALYZER_NUMBER_OBJECT_CONVERSION = YES_AGGRESSIVE;
				CLANG_CXX_LANGUAGE_STANDARD = "gnu++17";
				CLANG_ENABLE_MODULES = YES;
				CLANG_ENABLE_OBJC_ARC = YES;
				CLANG_ENABLE_OBJC_WEAK = YES;
				CLANG_WARN_BLOCK_CAPTURE_AUTORELEASING = YES;
				CLANG_WARN_BOOL_CONVERSION = YES;
				CLANG_WARN_COMMA = YES;
				CLANG_WARN_CONSTANT_CONVERSION = YES;
				CLANG_WARN_DEPRECATED_OBJC_IMPLEMENTATIONS = YES;
				CLANG_WARN_DIRECT_OBJC_ISA_USAGE = YES_ERROR;
				CLANG_WARN_DOCUMENTATION_COMMENTS = YES;
				CLANG_WARN_EMPTY_BODY = YES;
				CLANG_WARN_ENUM_CONVERSION = YES;
				CLANG_WARN_INFINITE_RECURSION = YES;
				CLANG_WARN_INT_CONVERSION = YES;
				CLANG_WARN_NON_LITERAL_NULL_CONVERSION = YES;
				CLANG_WARN_OBJC_IMPLICIT_RETAIN_SELF = YES;
				CLANG_WARN_OBJC_LITERAL_CONVERSION = YES;
				CLANG_WARN_OBJC_ROOT_CLASS = YES_ERROR;
				CLANG_WARN_QUOTED_INCLUDE_IN_FRAMEWORK_HEADER = YES;
				CLANG_WARN_RANGE_LOOP_ANALYSIS = YES;
				CLANG_WARN_STRICT_PROTOTYPES = YES;
				CLANG_WARN_SUSPICIOUS_MOVE = YES;
				CLANG_WARN_UNGUARDED_AVAILABILITY = YES_AGGRESSIVE;
				CLANG_WARN_UNREACHABLE_CODE = YES;
				CLANG_WARN__DUPLICATE_METHOD_MATCH = YES;
				COPY_PHASE_STRIP = NO;
				DEBUG_INFORMATION_FORMAT = "dwarf-with-dsym";
				ENABLE_NS_ASSERTIONS = NO;
				ENABLE_STRICT_OBJC_MSGSEND = YES;
				GCC_C_LANGUAGE_STANDARD = gnu11;
				GCC_NO_COMMON_BLOCKS = YES;
				GCC_WARN_64_TO_32_BIT_CONVERSION = YES;
				GCC_WARN_ABOUT_RETURN_TYPE = YES_ERROR;
				GCC_WARN_UNDECLARED_SELECTOR = YES;
				GCC_WARN_UNINITIALIZED_AUTOS = YES_AGGRESSIVE;
				GCC_WARN_UNUSED_FUNCTION = YES;
				GCC_WARN_UNUSED_VARIABLE = YES;
				IPHONEOS_DEPLOYMENT_TARGET = 15.4;
				MTL_ENABLE_DEBUG_INFO = NO;
				MTL_FAST_MATH = YES;
				SDKROOT = iphoneos;
				SWIFT_COMPILATION_MODE = wholemodule;
				SWIFT_OPTIMIZATION_LEVEL = "-O";
				VALIDATE_PRODUCT = YES;
			};
			name = Release;
		};
		79E94E4927D4EAD900180D39 /* Debug */ = {
			isa = XCBuildConfiguration;
			buildSettings = {
				ASSETCATALOG_COMPILER_APPICON_NAME = AppIcon;
				ASSETCATALOG_COMPILER_GLOBAL_ACCENT_COLOR_NAME = AccentColor;
				CODE_SIGN_STYLE = Automatic;
				CURRENT_PROJECT_VERSION = 1;
				DEVELOPMENT_ASSET_PATHS = "\"SwiftThinkingIntermediate/Preview Content\"";
				DEVELOPMENT_TEAM = SRJSV34WBB;
				ENABLE_PREVIEWS = YES;
				GENERATE_INFOPLIST_FILE = YES;
				INFOPLIST_KEY_UIApplicationSceneManifest_Generation = YES;
				INFOPLIST_KEY_UIApplicationSupportsIndirectInputEvents = YES;
				INFOPLIST_KEY_UILaunchScreen_Generation = YES;
				INFOPLIST_KEY_UISupportedInterfaceOrientations_iPad = "UIInterfaceOrientationPortrait UIInterfaceOrientationPortraitUpsideDown UIInterfaceOrientationLandscapeLeft UIInterfaceOrientationLandscapeRight";
				INFOPLIST_KEY_UISupportedInterfaceOrientations_iPhone = "UIInterfaceOrientationPortrait UIInterfaceOrientationLandscapeLeft UIInterfaceOrientationLandscapeRight";
				LD_RUNPATH_SEARCH_PATHS = (
					"$(inherited)",
					"@executable_path/Frameworks",
				);
				MARKETING_VERSION = 1.0;
				PRODUCT_BUNDLE_IDENTIFIER = leeky16498Dev.SwiftThinkingIntermediate;
				PRODUCT_NAME = "$(TARGET_NAME)";
				SWIFT_EMIT_LOC_STRINGS = YES;
				SWIFT_VERSION = 5.0;
				TARGETED_DEVICE_FAMILY = "1,2";
			};
			name = Debug;
		};
		79E94E4A27D4EAD900180D39 /* Release */ = {
			isa = XCBuildConfiguration;
			buildSettings = {
				ASSETCATALOG_COMPILER_APPICON_NAME = AppIcon;
				ASSETCATALOG_COMPILER_GLOBAL_ACCENT_COLOR_NAME = AccentColor;
				CODE_SIGN_STYLE = Automatic;
				CURRENT_PROJECT_VERSION = 1;
				DEVELOPMENT_ASSET_PATHS = "\"SwiftThinkingIntermediate/Preview Content\"";
				DEVELOPMENT_TEAM = SRJSV34WBB;
				ENABLE_PREVIEWS = YES;
				GENERATE_INFOPLIST_FILE = YES;
				INFOPLIST_KEY_UIApplicationSceneManifest_Generation = YES;
				INFOPLIST_KEY_UIApplicationSupportsIndirectInputEvents = YES;
				INFOPLIST_KEY_UILaunchScreen_Generation = YES;
				INFOPLIST_KEY_UISupportedInterfaceOrientations_iPad = "UIInterfaceOrientationPortrait UIInterfaceOrientationPortraitUpsideDown UIInterfaceOrientationLandscapeLeft UIInterfaceOrientationLandscapeRight";
				INFOPLIST_KEY_UISupportedInterfaceOrientations_iPhone = "UIInterfaceOrientationPortrait UIInterfaceOrientationLandscapeLeft UIInterfaceOrientationLandscapeRight";
				LD_RUNPATH_SEARCH_PATHS = (
					"$(inherited)",
					"@executable_path/Frameworks",
				);
				MARKETING_VERSION = 1.0;
				PRODUCT_BUNDLE_IDENTIFIER = leeky16498Dev.SwiftThinkingIntermediate;
				PRODUCT_NAME = "$(TARGET_NAME)";
				SWIFT_EMIT_LOC_STRINGS = YES;
				SWIFT_VERSION = 5.0;
				TARGETED_DEVICE_FAMILY = "1,2";
			};
			name = Release;
		};
/* End XCBuildConfiguration section */

/* Begin XCConfigurationList section */
		79E94E3527D4EAD800180D39 /* Build configuration list for PBXProject "SwiftThinkingIntermediate" */ = {
			isa = XCConfigurationList;
			buildConfigurations = (
				79E94E4627D4EAD900180D39 /* Debug */,
				79E94E4727D4EAD900180D39 /* Release */,
			);
			defaultConfigurationIsVisible = 0;
			defaultConfigurationName = Release;
		};
		79E94E4827D4EAD900180D39 /* Build configuration list for PBXNativeTarget "SwiftThinkingIntermediate" */ = {
			isa = XCConfigurationList;
			buildConfigurations = (
				79E94E4927D4EAD900180D39 /* Debug */,
				79E94E4A27D4EAD900180D39 /* Release */,
			);
			defaultConfigurationIsVisible = 0;
			defaultConfigurationName = Release;
		};
/* End XCConfigurationList section */
	};
	rootObject = 79E94E3227D4EAD800180D39 /* Project object */;
}
